
Microsoft Visual Studio Solution File, Format Version 12.00
# Visual Studio Version 17
VisualStudioVersion = 17.9.34607.119
MinimumVisualStudioVersion = 10.0.40219.1
Project("{FAE04EC0-301F-11D3-BF4B-00C04F79EFBC}") = "BakeryShop", "BakeryShop\BakeryShop.csproj", "{47BDADC2-3F61-4894-B12C-68FD16876ADC}"
EndProject
Global
	GlobalSection(SolutionConfigurationPlatforms) = preSolution
		Debug|Any CPU = Debug|Any CPU
		Release|Any CPU = Release|Any CPU
	EndGlobalSection
	GlobalSection(ProjectConfigurationPlatforms) = postSolution
		{47BDADC2-3F61-4894-B12C-68FD16876ADC}.Debug|Any CPU.ActiveCfg = Debug|Any CPU
		{47BDADC2-3F61-4894-B12C-68FD16876ADC}.Debug|Any CPU.Build.0 = Debug|Any CPU
		{47BDADC2-3F61-4894-B12C-68FD16876ADC}.Release|Any CPU.ActiveCfg = Release|Any CPU
		{47BDADC2-3F61-4894-B12C-68FD16876ADC}.Release|Any CPU.Build.0 = Release|Any CPU
	EndGlobalSection
	GlobalSection(SolutionProperties) = preSolution
		HideSolutionNode = FALSE
	EndGlobalSection
	GlobalSection(ExtensibilityGlobals) = postSolution
		SolutionGuid = {2176A8F8-7A1D-4FB8-96B5-49BC802C7071}
	EndGlobalSection
EndGlobal
